dependencies:
- name: redis
  repository: https://charts.bitnami.com/bitnami
  version: 10.7.11
- name: postgresql
  repository: https://charts.bitnami.com/bitnami
  version: 8.10.14
digest: sha256:4f17b86d7e46c237e2e63ae8222a55db20c14bf1c8eb57f40cb426ccbd9f7328
generated: "2020-07-14T17:58:07.809664323+10:00"
