dependencies:
- name: redis
  repository: https://kubernetes-charts.storage.googleapis.com/
  version: 10.2.0
- name: postgresql
  repository: https://kubernetes-charts.storage.googleapis.com/
  version: 7.7.2
digest: sha256:9a009e623d8dee2904867fbbe8831dc6fc8635cfa41b7f61fb97e65f337a6b3a
generated: "2019-12-03T10:51:40.616413889+01:00"
