dependencies:
- name: redis
  repository: https://kubernetes-charts.storage.googleapis.com
  version: 10.5.3
- name: postgresql
  repository: https://kubernetes-charts.storage.googleapis.com
  version: 8.3.4
digest: sha256:48a038e25a6370b98733a03e4ab82d49831d352de839a28f3a40554469d2ab13
generated: "2020-02-18T10:28:11.691400805-08:00"
