dependencies:
- name: redis
  repository: https://charts.bitnami.com/bitnami
  version: 10.9.0
- name: postgresql
  repository: https://charts.bitnami.com/bitnami
  version: 8.10.14
digest: sha256:23af5a9e93d3bc31eaf566828e8547ab666603ce1a15a4488cddd1355e71e707
generated: "2020-09-30T18:46:10.906371529-07:00"
