dependencies:
- name: redis
  repository: https://charts.bitnami.com/bitnami
  version: 16.13.2
- name: postgresql
  repository: https://charts.bitnami.com/bitnami
  version: 12.12.10
digest: sha256:8c09f3985775fa4c944f7109991edbfc09c4c3a1beb92a2afd05edf1a37869ec
generated: "2023-11-25T17:51:36.509288084+01:00"
